
Microsoft Visual Studio Solution File, Format Version 12.00
# Visual Studio Version 17
VisualStudioVersion = 17.14.36109.1
MinimumVisualStudioVersion = 10.0.40219.1
Project("{FAE04EC0-301F-11D3-BF4B-00C04F79EFBC}") = "TourMate.AuthService.Api", "TourMate.AuthService.Api\TourMate.AuthService.Api.csproj", "{793304C6-6577-4E65-87F5-85F481EADB40}"
EndProject
Project("{FAE04EC0-301F-11D3-BF4B-00C04F79EFBC}") = "TourMate.AuthService.Repositories", "TourMate.AuthService.Repositories\TourMate.AuthService.Repositories.csproj", "{9CBABF8D-21C0-4923-B9B5-3399032A60A4}"
EndProject
Project("{FAE04EC0-301F-11D3-BF4B-00C04F79EFBC}") = "TourMate.AuthService.Services", "TourMate.AuthService.Services\TourMate.AuthService.Services.csproj", "{04744749-4195-4DDD-813E-7296F15A82EC}"
EndProject
Global
	GlobalSection(SolutionConfigurationPlatforms) = preSolution
		Debug|Any CPU = Debug|Any CPU
		Release|Any CPU = Release|Any CPU
	EndGlobalSection
	GlobalSection(ProjectConfigurationPlatforms) = postSolution
		{793304C6-6577-4E65-87F5-85F481EADB40}.Debug|Any CPU.ActiveCfg = Debug|Any CPU
		{793304C6-6577-4E65-87F5-85F481EADB40}.Debug|Any CPU.Build.0 = Debug|Any CPU
		{793304C6-6577-4E65-87F5-85F481EADB40}.Release|Any CPU.ActiveCfg = Release|Any CPU
		{793304C6-6577-4E65-87F5-85F481EADB40}.Release|Any CPU.Build.0 = Release|Any CPU
		{9CBABF8D-21C0-4923-B9B5-3399032A60A4}.Debug|Any CPU.ActiveCfg = Debug|Any CPU
		{9CBABF8D-21C0-4923-B9B5-3399032A60A4}.Debug|Any CPU.Build.0 = Debug|Any CPU
		{9CBABF8D-21C0-4923-B9B5-3399032A60A4}.Release|Any CPU.ActiveCfg = Release|Any CPU
		{9CBABF8D-21C0-4923-B9B5-3399032A60A4}.Release|Any CPU.Build.0 = Release|Any CPU
		{04744749-4195-4DDD-813E-7296F15A82EC}.Debug|Any CPU.ActiveCfg = Debug|Any CPU
		{04744749-4195-4DDD-813E-7296F15A82EC}.Debug|Any CPU.Build.0 = Debug|Any CPU
		{04744749-4195-4DDD-813E-7296F15A82EC}.Release|Any CPU.ActiveCfg = Release|Any CPU
		{04744749-4195-4DDD-813E-7296F15A82EC}.Release|Any CPU.Build.0 = Release|Any CPU
	EndGlobalSection
	GlobalSection(SolutionProperties) = preSolution
		HideSolutionNode = FALSE
	EndGlobalSection
	GlobalSection(ExtensibilityGlobals) = postSolution
		SolutionGuid = {012C69D2-D9D1-4859-BBAD-A581902C84BD}
	EndGlobalSection
EndGlobal
